github.com/Harichandra-Prasath/LogIt v0.0.0-20241004074153-014a67c8defd h1:YcBF+snj+fsVBnCglocTQI4+WeuynR56tO6ab6OlIOE=
github.com/Harichandra-Prasath/LogIt v0.0.0-20241004074153-014a67c8defd/go.mod h1:w/6fGwNiVdPpAliMX4KxuE0+v2tEgC9hW7zdjV0q2UA=
github.com/Harichandra-Prasath/LogIt v0.0.0-20241009062536-d66fe4276e00 h1:+W8SWJsyRcdlpnOmc3znNKOibnwJujyfVSO+Hi97OAw=
github.com/Harichandra-Prasath/LogIt v0.0.0-20241009062536-d66fe4276e00/go.mod h1:w/6fGwNiVdPpAliMX4KxuE0+v2tEgC9hW7zdjV0q2UA=
github.com/Harichandra-Prasath/LogIt v0.0.0-20241009082525-82c88b09f2bb h1:jrW3+7Cf8wzG3U/mCTc2NMDVckBuexjL19+mUgDGjl4=
github.com/Harichandra-Prasath/LogIt v0.0.0-20241009082525-82c88b09f2bb/go.mod h1:w/6fGwNiVdPpAliMX4KxuE0+v2tEgC9hW7zdjV0q2UA=
